
Microsoft Visual Studio Solution File, Format Version 12.00
# Visual Studio Version 17
VisualStudioVersion = 17.8.34330.188
MinimumVisualStudioVersion = 10.0.40219.1
Project("{9A19103F-16F7-4668-BE54-9A1E7A4F7556}") = "DomainDrivenVerticalSlices.Template.Domain.Tests", "test\DomainDrivenVerticalSlices.Template.Domain.Tests\DomainDrivenVerticalSlices.Template.Domain.Tests.csproj", "{3E1A09C2-1AAB-4269-9432-44D4F8B09781}"
EndProject
Project("{2150E333-8FDC-42A3-9474-1A3956D46DE8}") = "test", "test", "{B26EAA8E-EE15-4B56-9A64-B2DA6625ACE0}"
	ProjectSection(SolutionItems) = preProject
		test\Directory.Build.props = test\Directory.Build.props
	EndProjectSection
EndProject
Project("{2150E333-8FDC-42A3-9474-1A3956D46DE8}") = "src", "src", "{EA25B0AD-19B8-45A7-8CD4-B7C8447E0964}"
	ProjectSection(SolutionItems) = preProject
		src\Directory.Build.props = src\Directory.Build.props
	EndProjectSection
EndProject
Project("{9A19103F-16F7-4668-BE54-9A1E7A4F7556}") = "DomainDrivenVerticalSlices.Template.Domain", "src\DomainDrivenVerticalSlices.Template.Domain\DomainDrivenVerticalSlices.Template.Domain.csproj", "{B6AC8445-CA4D-49AF-B6EF-6E6379EE09B2}"
EndProject
Project("{2150E333-8FDC-42A3-9474-1A3956D46DE8}") = "Solution Items", "Solution Items", "{9881A135-32EF-41E1-A19D-3B618FE69B99}"
	ProjectSection(SolutionItems) = preProject
		.editorconfig = .editorconfig
		Directory.Build.props = Directory.Build.props
		Directory.Packages.props = Directory.Packages.props
		global.json = global.json
	EndProjectSection
EndProject
Project("{9A19103F-16F7-4668-BE54-9A1E7A4F7556}") = "DomainDrivenVerticalSlices.Template.Common", "src\DomainDrivenVerticalSlices.Template.Common\DomainDrivenVerticalSlices.Template.Common.csproj", "{5AC33640-83DF-4FB2-8916-D9DD0B840AB6}"
EndProject
Project("{9A19103F-16F7-4668-BE54-9A1E7A4F7556}") = "DomainDrivenVerticalSlices.Template.Common.Tests", "test\DomainDrivenVerticalSlices.Template.Common.Tests\DomainDrivenVerticalSlices.Template.Common.Tests.csproj", "{960CC6FC-4CB7-4BDD-B072-6A777EED5225}"
EndProject
Project("{9A19103F-16F7-4668-BE54-9A1E7A4F7556}") = "DomainDrivenVerticalSlices.Template.Application", "src\DomainDrivenVerticalSlices.Template.Application\DomainDrivenVerticalSlices.Template.Application.csproj", "{E781F22B-06E4-4D53-9F89-0F47B289F673}"
EndProject
Project("{9A19103F-16F7-4668-BE54-9A1E7A4F7556}") = "DomainDrivenVerticalSlices.Template.Application.Tests", "test\DomainDrivenVerticalSlices.Template.Application.Tests\DomainDrivenVerticalSlices.Template.Application.Tests.csproj", "{517FBAAD-CA3F-4978-939F-51A49F268537}"
EndProject
Project("{9A19103F-16F7-4668-BE54-9A1E7A4F7556}") = "DomainDrivenVerticalSlices.Template.Infrastructure", "src\DomainDrivenVerticalSlices.Template.Infrastructure\DomainDrivenVerticalSlices.Template.Infrastructure.csproj", "{700B7177-BD2B-4E42-9804-791903EA4D92}"
EndProject
Project("{9A19103F-16F7-4668-BE54-9A1E7A4F7556}") = "DomainDrivenVerticalSlices.Template.Infrastructure.Tests", "test\DomainDrivenVerticalSlices.Template.Infrastructure.Tests\DomainDrivenVerticalSlices.Template.Infrastructure.Tests.csproj", "{AA9F55D5-0203-4FAB-A591-F45D27F3D7C8}"
EndProject
Project("{9A19103F-16F7-4668-BE54-9A1E7A4F7556}") = "DomainDrivenVerticalSlices.Template.WebApi", "src\DomainDrivenVerticalSlices.Template.WebApi\DomainDrivenVerticalSlices.Template.WebApi.csproj", "{26E04E14-7FED-4758-845D-F8225E1CF7B5}"
EndProject
Project("{9A19103F-16F7-4668-BE54-9A1E7A4F7556}") = "DomainDrivenVerticalSlices.Template.WebApi.Tests", "test\DomainDrivenVerticalSlices.Template.WebApi.Tests\DomainDrivenVerticalSlices.Template.WebApi.Tests.csproj", "{67054427-092A-480A-98D6-C89B659FC51B}"
EndProject
Project("{9A19103F-16F7-4668-BE54-9A1E7A4F7556}") = "DomainDrivenVerticalSlices.Template.IntegrationTests", "test\DomainDrivenVerticalSlices.Template.IntegrationTests\DomainDrivenVerticalSlices.Template.IntegrationTests.csproj", "{4387EB02-33BC-495E-8716-68BFADA67FD9}"
EndProject
Global
	GlobalSection(SolutionConfigurationPlatforms) = preSolution
		Debug|Any CPU = Debug|Any CPU
		Release|Any CPU = Release|Any CPU
	EndGlobalSection
	GlobalSection(ProjectConfigurationPlatforms) = postSolution
		{3E1A09C2-1AAB-4269-9432-44D4F8B09781}.Debug|Any CPU.ActiveCfg = Debug|Any CPU
		{3E1A09C2-1AAB-4269-9432-44D4F8B09781}.Debug|Any CPU.Build.0 = Debug|Any CPU
		{3E1A09C2-1AAB-4269-9432-44D4F8B09781}.Release|Any CPU.ActiveCfg = Release|Any CPU
		{3E1A09C2-1AAB-4269-9432-44D4F8B09781}.Release|Any CPU.Build.0 = Release|Any CPU
		{B6AC8445-CA4D-49AF-B6EF-6E6379EE09B2}.Debug|Any CPU.ActiveCfg = Debug|Any CPU
		{B6AC8445-CA4D-49AF-B6EF-6E6379EE09B2}.Debug|Any CPU.Build.0 = Debug|Any CPU
		{B6AC8445-CA4D-49AF-B6EF-6E6379EE09B2}.Release|Any CPU.ActiveCfg = Release|Any CPU
		{B6AC8445-CA4D-49AF-B6EF-6E6379EE09B2}.Release|Any CPU.Build.0 = Release|Any CPU
		{5AC33640-83DF-4FB2-8916-D9DD0B840AB6}.Debug|Any CPU.ActiveCfg = Debug|Any CPU
		{5AC33640-83DF-4FB2-8916-D9DD0B840AB6}.Debug|Any CPU.Build.0 = Debug|Any CPU
		{5AC33640-83DF-4FB2-8916-D9DD0B840AB6}.Release|Any CPU.ActiveCfg = Release|Any CPU
		{5AC33640-83DF-4FB2-8916-D9DD0B840AB6}.Release|Any CPU.Build.0 = Release|Any CPU
		{960CC6FC-4CB7-4BDD-B072-6A777EED5225}.Debug|Any CPU.ActiveCfg = Debug|Any CPU
		{960CC6FC-4CB7-4BDD-B072-6A777EED5225}.Debug|Any CPU.Build.0 = Debug|Any CPU
		{960CC6FC-4CB7-4BDD-B072-6A777EED5225}.Release|Any CPU.ActiveCfg = Release|Any CPU
		{960CC6FC-4CB7-4BDD-B072-6A777EED5225}.Release|Any CPU.Build.0 = Release|Any CPU
		{E781F22B-06E4-4D53-9F89-0F47B289F673}.Debug|Any CPU.ActiveCfg = Debug|Any CPU
		{E781F22B-06E4-4D53-9F89-0F47B289F673}.Debug|Any CPU.Build.0 = Debug|Any CPU
		{E781F22B-06E4-4D53-9F89-0F47B289F673}.Release|Any CPU.ActiveCfg = Release|Any CPU
		{E781F22B-06E4-4D53-9F89-0F47B289F673}.Release|Any CPU.Build.0 = Release|Any CPU
		{517FBAAD-CA3F-4978-939F-51A49F268537}.Debug|Any CPU.ActiveCfg = Debug|Any CPU
		{517FBAAD-CA3F-4978-939F-51A49F268537}.Debug|Any CPU.Build.0 = Debug|Any CPU
		{517FBAAD-CA3F-4978-939F-51A49F268537}.Release|Any CPU.ActiveCfg = Release|Any CPU
		{517FBAAD-CA3F-4978-939F-51A49F268537}.Release|Any CPU.Build.0 = Release|Any CPU
		{700B7177-BD2B-4E42-9804-791903EA4D92}.Debug|Any CPU.ActiveCfg = Debug|Any CPU
		{700B7177-BD2B-4E42-9804-791903EA4D92}.Debug|Any CPU.Build.0 = Debug|Any CPU
		{700B7177-BD2B-4E42-9804-791903EA4D92}.Release|Any CPU.ActiveCfg = Release|Any CPU
		{700B7177-BD2B-4E42-9804-791903EA4D92}.Release|Any CPU.Build.0 = Release|Any CPU
		{AA9F55D5-0203-4FAB-A591-F45D27F3D7C8}.Debug|Any CPU.ActiveCfg = Debug|Any CPU
		{AA9F55D5-0203-4FAB-A591-F45D27F3D7C8}.Debug|Any CPU.Build.0 = Debug|Any CPU
		{AA9F55D5-0203-4FAB-A591-F45D27F3D7C8}.Release|Any CPU.ActiveCfg = Release|Any CPU
		{AA9F55D5-0203-4FAB-A591-F45D27F3D7C8}.Release|Any CPU.Build.0 = Release|Any CPU
		{26E04E14-7FED-4758-845D-F8225E1CF7B5}.Debug|Any CPU.ActiveCfg = Debug|Any CPU
		{26E04E14-7FED-4758-845D-F8225E1CF7B5}.Debug|Any CPU.Build.0 = Debug|Any CPU
		{26E04E14-7FED-4758-845D-F8225E1CF7B5}.Release|Any CPU.ActiveCfg = Release|Any CPU
		{26E04E14-7FED-4758-845D-F8225E1CF7B5}.Release|Any CPU.Build.0 = Release|Any CPU
		{67054427-092A-480A-98D6-C89B659FC51B}.Debug|Any CPU.ActiveCfg = Debug|Any CPU
		{67054427-092A-480A-98D6-C89B659FC51B}.Debug|Any CPU.Build.0 = Debug|Any CPU
		{67054427-092A-480A-98D6-C89B659FC51B}.Release|Any CPU.ActiveCfg = Release|Any CPU
		{67054427-092A-480A-98D6-C89B659FC51B}.Release|Any CPU.Build.0 = Release|Any CPU
		{4387EB02-33BC-495E-8716-68BFADA67FD9}.Debug|Any CPU.ActiveCfg = Debug|Any CPU
		{4387EB02-33BC-495E-8716-68BFADA67FD9}.Debug|Any CPU.Build.0 = Debug|Any CPU
		{4387EB02-33BC-495E-8716-68BFADA67FD9}.Release|Any CPU.ActiveCfg = Release|Any CPU
		{4387EB02-33BC-495E-8716-68BFADA67FD9}.Release|Any CPU.Build.0 = Release|Any CPU
	EndGlobalSection
	GlobalSection(SolutionProperties) = preSolution
		HideSolutionNode = FALSE
	EndGlobalSection
	GlobalSection(NestedProjects) = preSolution
		{3E1A09C2-1AAB-4269-9432-44D4F8B09781} = {B26EAA8E-EE15-4B56-9A64-B2DA6625ACE0}
		{B6AC8445-CA4D-49AF-B6EF-6E6379EE09B2} = {EA25B0AD-19B8-45A7-8CD4-B7C8447E0964}
		{5AC33640-83DF-4FB2-8916-D9DD0B840AB6} = {EA25B0AD-19B8-45A7-8CD4-B7C8447E0964}
		{960CC6FC-4CB7-4BDD-B072-6A777EED5225} = {B26EAA8E-EE15-4B56-9A64-B2DA6625ACE0}
		{E781F22B-06E4-4D53-9F89-0F47B289F673} = {EA25B0AD-19B8-45A7-8CD4-B7C8447E0964}
		{517FBAAD-CA3F-4978-939F-51A49F268537} = {B26EAA8E-EE15-4B56-9A64-B2DA6625ACE0}
		{700B7177-BD2B-4E42-9804-791903EA4D92} = {EA25B0AD-19B8-45A7-8CD4-B7C8447E0964}
		{AA9F55D5-0203-4FAB-A591-F45D27F3D7C8} = {B26EAA8E-EE15-4B56-9A64-B2DA6625ACE0}
		{26E04E14-7FED-4758-845D-F8225E1CF7B5} = {EA25B0AD-19B8-45A7-8CD4-B7C8447E0964}
		{67054427-092A-480A-98D6-C89B659FC51B} = {B26EAA8E-EE15-4B56-9A64-B2DA6625ACE0}
		{4387EB02-33BC-495E-8716-68BFADA67FD9} = {B26EAA8E-EE15-4B56-9A64-B2DA6625ACE0}
	EndGlobalSection
	GlobalSection(ExtensibilityGlobals) = postSolution
		SolutionGuid = {0F3CD341-E061-4C2F-92BD-8677D9100B8A}
	EndGlobalSection
EndGlobal
