{
  "version": 2,
  "dependencies": {
    "net10.0": {
      "Microsoft.Extensions.Http.Resilience": {
        "type": "Direct",
        "requested": "[10.7.0, )",
        "resolved": "10.7.0",
        "contentHash": "3Lip0MkBVPtqU1wCM2M2Y8CzsqxA1BanVNMV9LQYMTwBgy25NDe6U9nSk6SfmsxXlh77iwSQuPsyjt5mxrOGmQ==",
        "dependencies": {
          "Microsoft.Extensions.Http.Diagnostics": "10.7.0",
          "Microsoft.Extensions.Resilience": "10.7.0"
        }
      },
      "Microsoft.Extensions.ServiceDiscovery": {
        "type": "Direct",
        "requested": "[10.7.0, )",
        "resolved": "10.7.0",
        "contentHash": "UgBfP98NmKDjx/2jbLGkckSlc8XG4ubkjPrqACE2i9LPmrgoYGWTh9snybRUGBm0sTchsq3on81XRxfvX+XC5g==",
        "dependencies": {
          "Microsoft.Extensions.ServiceDiscovery.Abstractions": "10.7.0"
        }
      },
      "OpenTelemetry.Exporter.OpenTelemetryProtocol": {
        "type": "Direct",
        "requested": "[1.16.0, )",
        "resolved": "1.16.0",
        "contentHash": "gzYLY8sVDY5FYtVlCYSzBYX53xslRlvBLxwFYOdNIhc76SgKdFYUoDQXOeQI3WPBCrZp51QNcP6fZHh1+HtpIQ==",
        "dependencies": {
          "OpenTelemetry": "1.16.0"
        }
      },
      "OpenTelemetry.Extensions.Hosting": {
        "type": "Direct",
        "requested": "[1.16.0, )",
        "resolved": "1.16.0",
        "contentHash": "/YfrO5MRaA156vhNanYGPX2JjOwKUrA0+Jf7ltT2eD3VkfHqXcEJY5Oxt/nWH8lqBOTc1nJpn2soBtD5Cml8Dg==",
        "dependencies": {
          "OpenTelemetry": "1.16.0"
        }
      },
      "OpenTelemetry.Instrumentation.AspNetCore": {
        "type": "Direct",
        "requested": "[1.16.0, )",
        "resolved": "1.16.0",
        "contentHash": "vSC5EsmBVNcqXMh9BGkkq8zkoUjrg8ghBDb9zbKR8Bqjd05utjVgVft+fqsqQVsvlV5olGj1pBliHBngcIGSIg==",
        "dependencies": {
          "OpenTelemetry.Api.ProviderBuilderExtensions": "[1.16.0, 2.0.0)"
        }
      },
      "OpenTelemetry.Instrumentation.Http": {
        "type": "Direct",
        "requested": "[1.16.0, )",
        "resolved": "1.16.0",
        "contentHash": "+Sz3lfvMXwWE8s/sMruHCDlO/+cArFVc6oBg1tCb70BKlL9FCC7uK4Ar2/VP9Hhwvs+UwaW1vGzE/uiByVHXiA==",
        "dependencies": {
          "OpenTelemetry.Api.ProviderBuilderExtensions": "[1.16.0, 2.0.0)"
        }
      },
      "OpenTelemetry.Instrumentation.Runtime": {
        "type": "Direct",
        "requested": "[1.15.1, )",
        "resolved": "1.15.1",
        "contentHash": "cpPwlUT5HXcLGPaIgsbSy0W9eFYAPGVbTP1p8/uyQ4Osvf5BJuPpEXE7crL09SmEd44r0DGNKDtsqxaAz0HxQw==",
        "dependencies": {
          "OpenTelemetry.Api": "[1.15.3, 2.0.0)"
        }
      },
      "StyleCop.Analyzers": {
        "type": "Direct",
        "requested": "[1.2.0-beta.556, )",
        "resolved": "1.2.0-beta.556",
        "contentHash": "llRPgmA1fhC0I0QyFLEcjvtM2239QzKr/tcnbsjArLMJxJlu0AA5G7Fft0OI30pHF3MW63Gf4aSSsjc5m82J1Q==",
        "dependencies": {
          "StyleCop.Analyzers.Unstable": "1.2.0.556"
        }
      },
      "Microsoft.Extensions.AmbientMetadata.Application": {
        "type": "Transitive",
        "resolved": "10.7.0",
        "contentHash": "yZ0818pVYQvUFW/1m+f8A1+lIAeSeQxEOdUCMIC+tqcRRKlqNjKPRKvGHPp8xLRbZBLaHfBtDslJa/sofn7J/Q=="
      },
      "Microsoft.Extensions.Compliance.Abstractions": {
        "type": "Transitive",
        "resolved": "10.7.0",
        "contentHash": "qbi6lg6dyvydBvpjXeBx3wLPvmgXWn3nwkKBOsgEck6w++BEsBcv8YhdcczME16Oq+a6wkdtna9/qCEkxsNw5A=="
      },
      "Microsoft.Extensions.DependencyInjection.AutoActivation": {
        "type": "Transitive",
        "resolved": "10.7.0",
        "contentHash": "WrSK0FGHSjSY4Pg4kd9Du8CUDwrgFTwHH1Y+N7sjyT6RFMU+G3coQ/Uq9PMGdQcy+DVKSMGHjfmWY47ZoYvhNA=="
      },
      "Microsoft.Extensions.Diagnostics.ExceptionSummarization": {
        "type": "Transitive",
        "resolved": "10.7.0",
        "contentHash": "Kc4XbbxtCzvn2P/fKF48xLWPbp3N5DV0MkJlgPJHEb47PUqCJ6kEl/JTKfpmP7QLuwYjx2QxKTdtwXfpjgA6KQ=="
      },
      "Microsoft.Extensions.Http.Diagnostics": {
        "type": "Transitive",
        "resolved": "10.7.0",
        "contentHash": "1m1zdBGW5J8MOxdZpJ5mUqdSaamRrYkpmfnEfeDmlZnglpfgDztcKOBU6cVsmn90AB7Ji2w8USvEsJ8PahbBWQ==",
        "dependencies": {
          "Microsoft.Extensions.Telemetry": "10.7.0"
        }
      },
      "Microsoft.Extensions.Resilience": {
        "type": "Transitive",
        "resolved": "10.7.0",
        "contentHash": "ldUrtRzWSnfe5945xoSxDXxoWXnIKn19E74Huieyp76XW/BjRk3bhkILSSib1NKdZ2lpi/ReTvOpNGcJ8hkOxw==",
        "dependencies": {
          "Microsoft.Extensions.Diagnostics.ExceptionSummarization": "10.7.0",
          "Microsoft.Extensions.Telemetry.Abstractions": "10.7.0",
          "Polly.Extensions": "8.4.2",
          "Polly.RateLimiting": "8.4.2"
        }
      },
      "Microsoft.Extensions.ServiceDiscovery.Abstractions": {
        "type": "Transitive",
        "resolved": "10.7.0",
        "contentHash": "1a/tCYg7+5HdJRQ0BQDDGzANBaw/1fony7eNsMwQ5n9FZmO3K5JCls02o8fwQc296l0szNBwroLRtXf94OZw9A=="
      },
      "Microsoft.Extensions.Telemetry": {
        "type": "Transitive",
        "resolved": "10.7.0",
        "contentHash": "vZFNVvkz+7IABEv4klzPX/ZdmZQ6TrcReKUfeYIrQ2bbnvEcgZtG1RmOGeWkc1hFg8cq9sAgUc2lHCqlXSqf5A==",
        "dependencies": {
          "Microsoft.Extensions.AmbientMetadata.Application": "10.7.0",
          "Microsoft.Extensions.DependencyInjection.AutoActivation": "10.7.0",
          "Microsoft.Extensions.Telemetry.Abstractions": "10.7.0"
        }
      },
      "Microsoft.Extensions.Telemetry.Abstractions": {
        "type": "Transitive",
        "resolved": "10.7.0",
        "contentHash": "ir1QKShZzfEmqO9LUWESVMUDZdnxYBSKQyulYPMeaye531lAuT8YTotthx+htrrS8hZY52HANeqowLQyCYBCZg==",
        "dependencies": {
          "Microsoft.Extensions.Compliance.Abstractions": "10.7.0"
        }
      },
      "OpenTelemetry": {
        "type": "Transitive",
        "resolved": "1.16.0",
        "contentHash": "nE/Px3MUvQC8c0UG0DOP5OJE7vMtiMaPYi/6TkSS/o/O0s/oPq+8WaPYTVEPzb7lwu/QyLgknc+sFm2FjPXe2A==",
        "dependencies": {
          "OpenTelemetry.Api.ProviderBuilderExtensions": "1.16.0"
        }
      },
      "OpenTelemetry.Api.ProviderBuilderExtensions": {
        "type": "Transitive",
        "resolved": "1.16.0",
        "contentHash": "hZwaHAkXvUNn9+cS+vEvYBgIrIQOQRz2cIRUODZ5gxHsDsLeNCueLgZFkybopjE0jUhLut6lm5eL3LTqbW0hMg==",
        "dependencies": {
          "OpenTelemetry.Api": "1.16.0"
        }
      },
      "Polly.Core": {
        "type": "Transitive",
        "resolved": "8.4.2",
        "contentHash": "BpE2I6HBYYA5tF0Vn4eoQOGYTYIK1BlF5EXVgkWGn3mqUUjbXAr13J6fZVbp7Q3epRR8yshacBMlsHMhpOiV3g=="
      },
      "Polly.Extensions": {
        "type": "Transitive",
        "resolved": "8.4.2",
        "contentHash": "GZ9vRVmR0jV2JtZavt+pGUsQ1O1cuRKG7R7VOZI6ZDy9y6RNPvRvXK1tuS4ffUrv8L0FTea59oEuQzgS0R7zSA==",
        "dependencies": {
          "Polly.Core": "8.4.2"
        }
      },
      "Polly.RateLimiting": {
        "type": "Transitive",
        "resolved": "8.4.2",
        "contentHash": "ehTImQ/eUyO07VYW2WvwSmU9rRH200SKJ/3jku9rOkyWE0A2JxNFmAVms8dSn49QLSjmjFRRSgfNyOgr/2PSmA==",
        "dependencies": {
          "Polly.Core": "8.4.2"
        }
      },
      "StyleCop.Analyzers.Unstable": {
        "type": "Transitive",
        "resolved": "1.2.0.556",
        "contentHash": "zvn9Mqs/ox/83cpYPignI8hJEM2A93s2HkHs8HYMOAQW0PkampyoErAiIyKxgTLqbbad29HX/shv/6LGSjPJNQ=="
      },
      "OpenTelemetry.Api": {
        "type": "CentralTransitive",
        "requested": "[1.16.0, )",
        "resolved": "1.16.0",
        "contentHash": "WZP8Eb6vZTeNqeV+fjBitc7iefBoTHIhaWorqg/h/YiQBlcQJu0bICuTqKV0XRyjiE0eWs80yLlnUtHAFSkFWA=="
      }
    }
  }
}